
Microsoft Visual Studio Solution File, Format Version 12.00
# Visual Studio Version 17
VisualStudioVersion = 17.0.31903.59
MinimumVisualStudioVersion = 10.0.40219.1
Project("{2150E333-8FDC-42A3-9474-1A3956D46DE8}") = "Microservice.Services", "Microservice.Services", "{8FFEE299-5248-04B6-BE71-18F8C4F9C697}"
EndProject
Project("{2150E333-8FDC-42A3-9474-1A3956D46DE8}") = "Sample", "Sample", "{A4102015-FCC9-B5F4-3CE0-CEF284255887}"
EndProject
Project("{2150E333-8FDC-42A3-9474-1A3956D46DE8}") = "src", "src", "{38844506-DBA5-A879-CB47-8EED0FE621B0}"
EndProject
Project("{FAE04EC0-301F-11D3-BF4B-00C04F79EFBC}") = "Sample.Abstraction", "Microservice.Services\Sample\src\Sample.Abstraction\Sample.Abstraction.csproj", "{1877E0B5-249C-44DA-A037-EB1779FA1B5F}"
EndProject
Project("{FAE04EC0-301F-11D3-BF4B-00C04F79EFBC}") = "Sample.App", "Microservice.Services\Sample\src\Sample.App\Sample.App.csproj", "{002CB071-1913-4B6A-89A7-8BFBBAD927B2}"
EndProject
Project("{FAE04EC0-301F-11D3-BF4B-00C04F79EFBC}") = "Sample.Core", "Microservice.Services\Sample\src\Sample.Core\Sample.Core.csproj", "{A021456D-F5B3-4652-AFE8-7173B883C74A}"
EndProject
Project("{FAE04EC0-301F-11D3-BF4B-00C04F79EFBC}") = "Sample.CQRS", "Microservice.Services\Sample\src\Sample.CQRS\Sample.CQRS.csproj", "{C4223240-EBC4-47D1-9DD3-56B1EC6FF292}"
EndProject
Project("{FAE04EC0-301F-11D3-BF4B-00C04F79EFBC}") = "Sample.Domain", "Microservice.Services\Sample\src\Sample.Domain\Sample.Domain.csproj", "{D68E74F4-15E1-4E09-93D3-B2EC0EADD2BA}"
EndProject
Project("{FAE04EC0-301F-11D3-BF4B-00C04F79EFBC}") = "Sample.Infrastructure", "Microservice.Services\Sample\src\Sample.Infrastructure\Sample.Infrastructure.csproj", "{A2AE2BAA-F40A-47F7-AA43-9906959E91D5}"
EndProject
Project("{FAE04EC0-301F-11D3-BF4B-00C04F79EFBC}") = "Sample.Repository", "Microservice.Services\Sample\src\Sample.Repository\Sample.Repository.csproj", "{8231BB0B-310C-4283-B341-48B04A7DB97A}"
EndProject
Global
	GlobalSection(SolutionConfigurationPlatforms) = preSolution
		Debug|Any CPU = Debug|Any CPU
		Debug|x64 = Debug|x64
		Debug|x86 = Debug|x86
		Release|Any CPU = Release|Any CPU
		Release|x64 = Release|x64
		Release|x86 = Release|x86
	EndGlobalSection
	GlobalSection(ProjectConfigurationPlatforms) = postSolution
		{1877E0B5-249C-44DA-A037-EB1779FA1B5F}.Debug|Any CPU.ActiveCfg = Debug|Any CPU
		{1877E0B5-249C-44DA-A037-EB1779FA1B5F}.Debug|Any CPU.Build.0 = Debug|Any CPU
		{1877E0B5-249C-44DA-A037-EB1779FA1B5F}.Debug|x64.ActiveCfg = Debug|Any CPU
		{1877E0B5-249C-44DA-A037-EB1779FA1B5F}.Debug|x64.Build.0 = Debug|Any CPU
		{1877E0B5-249C-44DA-A037-EB1779FA1B5F}.Debug|x86.ActiveCfg = Debug|Any CPU
		{1877E0B5-249C-44DA-A037-EB1779FA1B5F}.Debug|x86.Build.0 = Debug|Any CPU
		{1877E0B5-249C-44DA-A037-EB1779FA1B5F}.Release|Any CPU.ActiveCfg = Release|Any CPU
		{1877E0B5-249C-44DA-A037-EB1779FA1B5F}.Release|Any CPU.Build.0 = Release|Any CPU
		{1877E0B5-249C-44DA-A037-EB1779FA1B5F}.Release|x64.ActiveCfg = Release|Any CPU
		{1877E0B5-249C-44DA-A037-EB1779FA1B5F}.Release|x64.Build.0 = Release|Any CPU
		{1877E0B5-249C-44DA-A037-EB1779FA1B5F}.Release|x86.ActiveCfg = Release|Any CPU
		{1877E0B5-249C-44DA-A037-EB1779FA1B5F}.Release|x86.Build.0 = Release|Any CPU
		{002CB071-1913-4B6A-89A7-8BFBBAD927B2}.Debug|Any CPU.ActiveCfg = Debug|Any CPU
		{002CB071-1913-4B6A-89A7-8BFBBAD927B2}.Debug|Any CPU.Build.0 = Debug|Any CPU
		{002CB071-1913-4B6A-89A7-8BFBBAD927B2}.Debug|x64.ActiveCfg = Debug|Any CPU
		{002CB071-1913-4B6A-89A7-8BFBBAD927B2}.Debug|x64.Build.0 = Debug|Any CPU
		{002CB071-1913-4B6A-89A7-8BFBBAD927B2}.Debug|x86.ActiveCfg = Debug|Any CPU
		{002CB071-1913-4B6A-89A7-8BFBBAD927B2}.Debug|x86.Build.0 = Debug|Any CPU
		{002CB071-1913-4B6A-89A7-8BFBBAD927B2}.Release|Any CPU.ActiveCfg = Release|Any CPU
		{002CB071-1913-4B6A-89A7-8BFBBAD927B2}.Release|Any CPU.Build.0 = Release|Any CPU
		{002CB071-1913-4B6A-89A7-8BFBBAD927B2}.Release|x64.ActiveCfg = Release|Any CPU
		{002CB071-1913-4B6A-89A7-8BFBBAD927B2}.Release|x64.Build.0 = Release|Any CPU
		{002CB071-1913-4B6A-89A7-8BFBBAD927B2}.Release|x86.ActiveCfg = Release|Any CPU
		{002CB071-1913-4B6A-89A7-8BFBBAD927B2}.Release|x86.Build.0 = Release|Any CPU
		{A021456D-F5B3-4652-AFE8-7173B883C74A}.Debug|Any CPU.ActiveCfg = Debug|Any CPU
		{A021456D-F5B3-4652-AFE8-7173B883C74A}.Debug|Any CPU.Build.0 = Debug|Any CPU
		{A021456D-F5B3-4652-AFE8-7173B883C74A}.Debug|x64.ActiveCfg = Debug|Any CPU
		{A021456D-F5B3-4652-AFE8-7173B883C74A}.Debug|x64.Build.0 = Debug|Any CPU
		{A021456D-F5B3-4652-AFE8-7173B883C74A}.Debug|x86.ActiveCfg = Debug|Any CPU
		{A021456D-F5B3-4652-AFE8-7173B883C74A}.Debug|x86.Build.0 = Debug|Any CPU
		{A021456D-F5B3-4652-AFE8-7173B883C74A}.Release|Any CPU.ActiveCfg = Release|Any CPU
		{A021456D-F5B3-4652-AFE8-7173B883C74A}.Release|Any CPU.Build.0 = Release|Any CPU
		{A021456D-F5B3-4652-AFE8-7173B883C74A}.Release|x64.ActiveCfg = Release|Any CPU
		{A021456D-F5B3-4652-AFE8-7173B883C74A}.Release|x64.Build.0 = Release|Any CPU
		{A021456D-F5B3-4652-AFE8-7173B883C74A}.Release|x86.ActiveCfg = Release|Any CPU
		{A021456D-F5B3-4652-AFE8-7173B883C74A}.Release|x86.Build.0 = Release|Any CPU
		{C4223240-EBC4-47D1-9DD3-56B1EC6FF292}.Debug|Any CPU.ActiveCfg = Debug|Any CPU
		{C4223240-EBC4-47D1-9DD3-56B1EC6FF292}.Debug|Any CPU.Build.0 = Debug|Any CPU
		{C4223240-EBC4-47D1-9DD3-56B1EC6FF292}.Debug|x64.ActiveCfg = Debug|Any CPU
		{C4223240-EBC4-47D1-9DD3-56B1EC6FF292}.Debug|x64.Build.0 = Debug|Any CPU
		{C4223240-EBC4-47D1-9DD3-56B1EC6FF292}.Debug|x86.ActiveCfg = Debug|Any CPU
		{C4223240-EBC4-47D1-9DD3-56B1EC6FF292}.Debug|x86.Build.0 = Debug|Any CPU
		{C4223240-EBC4-47D1-9DD3-56B1EC6FF292}.Release|Any CPU.ActiveCfg = Release|Any CPU
		{C4223240-EBC4-47D1-9DD3-56B1EC6FF292}.Release|Any CPU.Build.0 = Release|Any CPU
		{C4223240-EBC4-47D1-9DD3-56B1EC6FF292}.Release|x64.ActiveCfg = Release|Any CPU
		{C4223240-EBC4-47D1-9DD3-56B1EC6FF292}.Release|x64.Build.0 = Release|Any CPU
		{C4223240-EBC4-47D1-9DD3-56B1EC6FF292}.Release|x86.ActiveCfg = Release|Any CPU
		{C4223240-EBC4-47D1-9DD3-56B1EC6FF292}.Release|x86.Build.0 = Release|Any CPU
		{D68E74F4-15E1-4E09-93D3-B2EC0EADD2BA}.Debug|Any CPU.ActiveCfg = Debug|Any CPU
		{D68E74F4-15E1-4E09-93D3-B2EC0EADD2BA}.Debug|Any CPU.Build.0 = Debug|Any CPU
		{D68E74F4-15E1-4E09-93D3-B2EC0EADD2BA}.Debug|x64.ActiveCfg = Debug|Any CPU
		{D68E74F4-15E1-4E09-93D3-B2EC0EADD2BA}.Debug|x64.Build.0 = Debug|Any CPU
		{D68E74F4-15E1-4E09-93D3-B2EC0EADD2BA}.Debug|x86.ActiveCfg = Debug|Any CPU
		{D68E74F4-15E1-4E09-93D3-B2EC0EADD2BA}.Debug|x86.Build.0 = Debug|Any CPU
		{D68E74F4-15E1-4E09-93D3-B2EC0EADD2BA}.Release|Any CPU.ActiveCfg = Release|Any CPU
		{D68E74F4-15E1-4E09-93D3-B2EC0EADD2BA}.Release|Any CPU.Build.0 = Release|Any CPU
		{D68E74F4-15E1-4E09-93D3-B2EC0EADD2BA}.Release|x64.ActiveCfg = Release|Any CPU
		{D68E74F4-15E1-4E09-93D3-B2EC0EADD2BA}.Release|x64.Build.0 = Release|Any CPU
		{D68E74F4-15E1-4E09-93D3-B2EC0EADD2BA}.Release|x86.ActiveCfg = Release|Any CPU
		{D68E74F4-15E1-4E09-93D3-B2EC0EADD2BA}.Release|x86.Build.0 = Release|Any CPU
		{A2AE2BAA-F40A-47F7-AA43-9906959E91D5}.Debug|Any CPU.ActiveCfg = Debug|Any CPU
		{A2AE2BAA-F40A-47F7-AA43-9906959E91D5}.Debug|Any CPU.Build.0 = Debug|Any CPU
		{A2AE2BAA-F40A-47F7-AA43-9906959E91D5}.Debug|x64.ActiveCfg = Debug|Any CPU
		{A2AE2BAA-F40A-47F7-AA43-9906959E91D5}.Debug|x64.Build.0 = Debug|Any CPU
		{A2AE2BAA-F40A-47F7-AA43-9906959E91D5}.Debug|x86.ActiveCfg = Debug|Any CPU
		{A2AE2BAA-F40A-47F7-AA43-9906959E91D5}.Debug|x86.Build.0 = Debug|Any CPU
		{A2AE2BAA-F40A-47F7-AA43-9906959E91D5}.Release|Any CPU.ActiveCfg = Release|Any CPU
		{A2AE2BAA-F40A-47F7-AA43-9906959E91D5}.Release|Any CPU.Build.0 = Release|Any CPU
		{A2AE2BAA-F40A-47F7-AA43-9906959E91D5}.Release|x64.ActiveCfg = Release|Any CPU
		{A2AE2BAA-F40A-47F7-AA43-9906959E91D5}.Release|x64.Build.0 = Release|Any CPU
		{A2AE2BAA-F40A-47F7-AA43-9906959E91D5}.Release|x86.ActiveCfg = Release|Any CPU
		{A2AE2BAA-F40A-47F7-AA43-9906959E91D5}.Release|x86.Build.0 = Release|Any CPU
		{8231BB0B-310C-4283-B341-48B04A7DB97A}.Debug|Any CPU.ActiveCfg = Debug|Any CPU
		{8231BB0B-310C-4283-B341-48B04A7DB97A}.Debug|Any CPU.Build.0 = Debug|Any CPU
		{8231BB0B-310C-4283-B341-48B04A7DB97A}.Debug|x64.ActiveCfg = Debug|Any CPU
		{8231BB0B-310C-4283-B341-48B04A7DB97A}.Debug|x64.Build.0 = Debug|Any CPU
		{8231BB0B-310C-4283-B341-48B04A7DB97A}.Debug|x86.ActiveCfg = Debug|Any CPU
		{8231BB0B-310C-4283-B341-48B04A7DB97A}.Debug|x86.Build.0 = Debug|Any CPU
		{8231BB0B-310C-4283-B341-48B04A7DB97A}.Release|Any CPU.ActiveCfg = Release|Any CPU
		{8231BB0B-310C-4283-B341-48B04A7DB97A}.Release|Any CPU.Build.0 = Release|Any CPU
		{8231BB0B-310C-4283-B341-48B04A7DB97A}.Release|x64.ActiveCfg = Release|Any CPU
		{8231BB0B-310C-4283-B341-48B04A7DB97A}.Release|x64.Build.0 = Release|Any CPU
		{8231BB0B-310C-4283-B341-48B04A7DB97A}.Release|x86.ActiveCfg = Release|Any CPU
		{8231BB0B-310C-4283-B341-48B04A7DB97A}.Release|x86.Build.0 = Release|Any CPU
	EndGlobalSection
	GlobalSection(SolutionProperties) = preSolution
		HideSolutionNode = FALSE
	EndGlobalSection
	GlobalSection(NestedProjects) = preSolution
		{A4102015-FCC9-B5F4-3CE0-CEF284255887} = {8FFEE299-5248-04B6-BE71-18F8C4F9C697}
		{38844506-DBA5-A879-CB47-8EED0FE621B0} = {A4102015-FCC9-B5F4-3CE0-CEF284255887}
		{1877E0B5-249C-44DA-A037-EB1779FA1B5F} = {38844506-DBA5-A879-CB47-8EED0FE621B0}
		{002CB071-1913-4B6A-89A7-8BFBBAD927B2} = {38844506-DBA5-A879-CB47-8EED0FE621B0}
		{A021456D-F5B3-4652-AFE8-7173B883C74A} = {38844506-DBA5-A879-CB47-8EED0FE621B0}
		{C4223240-EBC4-47D1-9DD3-56B1EC6FF292} = {38844506-DBA5-A879-CB47-8EED0FE621B0}
		{D68E74F4-15E1-4E09-93D3-B2EC0EADD2BA} = {38844506-DBA5-A879-CB47-8EED0FE621B0}
		{A2AE2BAA-F40A-47F7-AA43-9906959E91D5} = {38844506-DBA5-A879-CB47-8EED0FE621B0}
		{8231BB0B-310C-4283-B341-48B04A7DB97A} = {38844506-DBA5-A879-CB47-8EED0FE621B0}
	EndGlobalSection
EndGlobal
